
Microsoft Visual Studio Solution File, Format Version 12.00
# Visual Studio Version 16
VisualStudioVersion = 16.0.33529.622
MinimumVisualStudioVersion = 10.0.40219.1
Project("{FAE04EC0-301F-11D3-BF4B-00C04F79EFBC}") = "eTickets", "eTickets\eTickets.csproj", "{DDADC3DF-EC8C-4021-9311-4A65D27228D6}"
EndProject
Global
	GlobalSection(SolutionConfigurationPlatforms) = preSolution
		Debug|Any CPU = Debug|Any CPU
		Release|Any CPU = Release|Any CPU
	EndGlobalSection
	GlobalSection(ProjectConfigurationPlatforms) = postSolution
		{DDADC3DF-EC8C-4021-9311-4A65D27228D6}.Debug|Any CPU.ActiveCfg = Debug|Any CPU
		{DDADC3DF-EC8C-4021-9311-4A65D27228D6}.Debug|Any CPU.Build.0 = Debug|Any CPU
		{DDADC3DF-EC8C-4021-9311-4A65D27228D6}.Release|Any CPU.ActiveCfg = Release|Any CPU
		{DDADC3DF-EC8C-4021-9311-4A65D27228D6}.Release|Any CPU.Build.0 = Release|Any CPU
	EndGlobalSection
	GlobalSection(SolutionProperties) = preSolution
		HideSolutionNode = FALSE
	EndGlobalSection
	GlobalSection(ExtensibilityGlobals) = postSolution
		SolutionGuid = {6310E49B-C8B0-4E21-A0B9-DE2711F7B74A}
	EndGlobalSection
EndGlobal
